
Microsoft Visual Studio Solution File, Format Version 12.00
# Visual Studio 14
VisualStudioVersion = 14.0.25420.1
MinimumVisualStudioVersion = 10.0.40219.1
Project("{8BC9CEB8-8B4A-11D0-8D11-00A0C91BC942}") = "openssl-win64", "openssl-win64.vcxproj", "{C2065F5E-3342-404E-91A8-357EC07D99EA}"
EndProject
Project("{8BC9CEB8-8B4A-11D0-8D11-00A0C91BC942}") = "openssl", "openssl.vcxitems", "{9D6BEEB4-2F48-444E-A43A-5C17839DBE2D}"
EndProject
Project("{8BC9CEB8-8B4A-11D0-8D11-00A0C91BC942}") = "openssl-win32", "openssl-win32.vcxproj", "{F3FED019-AEAB-4521-BF78-23D575796DEE}"
EndProject
Project("{8BC9CEB8-8B4A-11D0-8D11-00A0C91BC942}") = "openssl-arm64", "openssl-arm64.vcxproj", "{9629BBDD-4C74-4694-B980-E142649C1C2A}"
EndProject
Project("{8BC9CEB8-8B4A-11D0-8D11-00A0C91BC942}") = "openssl-arm", "openssl-arm.vcxproj", "{7D1D2793-D4C2-4811-AB50-8407AD02E5E9}"
EndProject
Project("{8BC9CEB8-8B4A-11D0-8D11-00A0C91BC942}") = "openssl-x64", "openssl-x64.vcxproj", "{1475A78A-1F1C-4A18-A4F9-668230D3007A}"
EndProject
Project("{8BC9CEB8-8B4A-11D0-8D11-00A0C91BC942}") = "openssl-x86", "openssl-x86.vcxproj", "{83C8107B-0FD1-4D7F-9536-142EC6A36D99}"
EndProject
Global
	GlobalSection(SharedMSBuildProjectFiles) = preSolution
		openssl.vcxitems*{1475a78a-1f1c-4a18-a4f9-668230d3007a}*SharedItemsImports = 4
		openssl.vcxitems*{7d1d2793-d4c2-4811-ab50-8407ad02e5e9}*SharedItemsImports = 4
		openssl.vcxitems*{83c8107b-0fd1-4d7f-9536-142ec6a36d99}*SharedItemsImports = 4
		openssl.vcxitems*{9629bbdd-4c74-4694-b980-e142649c1c2a}*SharedItemsImports = 4
		openssl.vcxitems*{9d6beeb4-2f48-444e-a43a-5c17839dbe2d}*SharedItemsImports = 9
		openssl.vcxitems*{c2065f5e-3342-404e-91a8-357ec07d99ea}*SharedItemsImports = 4
		openssl.vcxitems*{f3fed019-aeab-4521-bf78-23d575796dee}*SharedItemsImports = 4
	EndGlobalSection
	GlobalSection(SolutionConfigurationPlatforms) = preSolution
		Debug_shared|ARM = Debug_shared|ARM
		Debug_shared|ARM64 = Debug_shared|ARM64
		Debug_shared|x64 = Debug_shared|x64
		Debug_shared|x86 = Debug_shared|x86
		Debug_static|ARM = Debug_static|ARM
		Debug_static|ARM64 = Debug_static|ARM64
		Debug_static|x64 = Debug_static|x64
		Debug_static|x86 = Debug_static|x86
		Release_shared|ARM = Release_shared|ARM
		Release_shared|ARM64 = Release_shared|ARM64
		Release_shared|x64 = Release_shared|x64
		Release_shared|x86 = Release_shared|x86
		Release_static|ARM = Release_static|ARM
		Release_static|ARM64 = Release_static|ARM64
		Release_static|x64 = Release_static|x64
		Release_static|x86 = Release_static|x86
	EndGlobalSection
	GlobalSection(ProjectConfigurationPlatforms) = postSolution
		{C2065F5E-3342-404E-91A8-357EC07D99EA}.Debug_shared|ARM.ActiveCfg = Debug_shared|x64
		{C2065F5E-3342-404E-91A8-357EC07D99EA}.Debug_shared|ARM64.ActiveCfg = Debug_shared|x64
		{C2065F5E-3342-404E-91A8-357EC07D99EA}.Debug_shared|x64.ActiveCfg = Debug_shared|x64
		{C2065F5E-3342-404E-91A8-357EC07D99EA}.Debug_shared|x64.Build.0 = Debug_shared|x64
		{C2065F5E-3342-404E-91A8-357EC07D99EA}.Debug_shared|x86.ActiveCfg = Debug_shared|x64
		{C2065F5E-3342-404E-91A8-357EC07D99EA}.Debug_static|ARM.ActiveCfg = Debug_static|x64
		{C2065F5E-3342-404E-91A8-357EC07D99EA}.Debug_static|ARM64.ActiveCfg = Debug_static|x64
		{C2065F5E-3342-404E-91A8-357EC07D99EA}.Debug_static|x64.ActiveCfg = Debug_static|x64
		{C2065F5E-3342-404E-91A8-357EC07D99EA}.Debug_static|x64.Build.0 = Debug_static|x64
		{C2065F5E-3342-404E-91A8-357EC07D99EA}.Debug_static|x86.ActiveCfg = Debug_static|x64
		{C2065F5E-3342-404E-91A8-357EC07D99EA}.Release_shared|ARM.ActiveCfg = Release_shared|x64
		{C2065F5E-3342-404E-91A8-357EC07D99EA}.Release_shared|ARM64.ActiveCfg = Release_shared|x64
		{C2065F5E-3342-404E-91A8-357EC07D99EA}.Release_shared|x64.ActiveCfg = Release_shared|x64
		{C2065F5E-3342-404E-91A8-357EC07D99EA}.Release_shared|x64.Build.0 = Release_shared|x64
		{C2065F5E-3342-404E-91A8-357EC07D99EA}.Release_shared|x86.ActiveCfg = Release_shared|x64
		{C2065F5E-3342-404E-91A8-357EC07D99EA}.Release_static|ARM.ActiveCfg = Release_static|x64
		{C2065F5E-3342-404E-91A8-357EC07D99EA}.Release_static|ARM64.ActiveCfg = Release_static|x64
		{C2065F5E-3342-404E-91A8-357EC07D99EA}.Release_static|x64.ActiveCfg = Release_static|x64
		{C2065F5E-3342-404E-91A8-357EC07D99EA}.Release_static|x64.Build.0 = Release_static|x64
		{C2065F5E-3342-404E-91A8-357EC07D99EA}.Release_static|x86.ActiveCfg = Release_static|x64
		{F3FED019-AEAB-4521-BF78-23D575796DEE}.Debug_shared|ARM.ActiveCfg = Debug_shared|Win32
		{F3FED019-AEAB-4521-BF78-23D575796DEE}.Debug_shared|ARM64.ActiveCfg = Debug_shared|Win32
		{F3FED019-AEAB-4521-BF78-23D575796DEE}.Debug_shared|x64.ActiveCfg = Debug_shared|Win32
		{F3FED019-AEAB-4521-BF78-23D575796DEE}.Debug_shared|x86.ActiveCfg = Debug_shared|Win32
		{F3FED019-AEAB-4521-BF78-23D575796DEE}.Debug_shared|x86.Build.0 = Debug_shared|Win32
		{F3FED019-AEAB-4521-BF78-23D575796DEE}.Debug_static|ARM.ActiveCfg = Debug_static|Win32
		{F3FED019-AEAB-4521-BF78-23D575796DEE}.Debug_static|ARM64.ActiveCfg = Debug_static|Win32
		{F3FED019-AEAB-4521-BF78-23D575796DEE}.Debug_static|x64.ActiveCfg = Debug_static|Win32
		{F3FED019-AEAB-4521-BF78-23D575796DEE}.Debug_static|x86.ActiveCfg = Debug_static|Win32
		{F3FED019-AEAB-4521-BF78-23D575796DEE}.Debug_static|x86.Build.0 = Debug_static|Win32
		{F3FED019-AEAB-4521-BF78-23D575796DEE}.Release_shared|ARM.ActiveCfg = Release_shared|Win32
		{F3FED019-AEAB-4521-BF78-23D575796DEE}.Release_shared|ARM64.ActiveCfg = Release_shared|Win32
		{F3FED019-AEAB-4521-BF78-23D575796DEE}.Release_shared|x64.ActiveCfg = Release_shared|Win32
		{F3FED019-AEAB-4521-BF78-23D575796DEE}.Release_shared|x86.ActiveCfg = Release_shared|Win32
		{F3FED019-AEAB-4521-BF78-23D575796DEE}.Release_shared|x86.Build.0 = Release_shared|Win32
		{F3FED019-AEAB-4521-BF78-23D575796DEE}.Release_static|ARM.ActiveCfg = Release_static|Win32
		{F3FED019-AEAB-4521-BF78-23D575796DEE}.Release_static|ARM64.ActiveCfg = Release_static|Win32
		{F3FED019-AEAB-4521-BF78-23D575796DEE}.Release_static|x64.ActiveCfg = Release_static|Win32
		{F3FED019-AEAB-4521-BF78-23D575796DEE}.Release_static|x86.ActiveCfg = Release_static|Win32
		{F3FED019-AEAB-4521-BF78-23D575796DEE}.Release_static|x86.Build.0 = Release_static|Win32
		{9629BBDD-4C74-4694-B980-E142649C1C2A}.Debug_shared|ARM.ActiveCfg = Debug_shared|ARM64
		{9629BBDD-4C74-4694-B980-E142649C1C2A}.Debug_shared|ARM64.ActiveCfg = Debug_shared|ARM64
		{9629BBDD-4C74-4694-B980-E142649C1C2A}.Debug_shared|ARM64.Build.0 = Debug_shared|ARM64
		{9629BBDD-4C74-4694-B980-E142649C1C2A}.Debug_shared|x64.ActiveCfg = Debug_shared|ARM64
		{9629BBDD-4C74-4694-B980-E142649C1C2A}.Debug_shared|x86.ActiveCfg = Debug_shared|ARM64
		{9629BBDD-4C74-4694-B980-E142649C1C2A}.Debug_static|ARM.ActiveCfg = Debug_static|ARM64
		{9629BBDD-4C74-4694-B980-E142649C1C2A}.Debug_static|ARM64.ActiveCfg = Debug_static|ARM64
		{9629BBDD-4C74-4694-B980-E142649C1C2A}.Debug_static|ARM64.Build.0 = Debug_static|ARM64
		{9629BBDD-4C74-4694-B980-E142649C1C2A}.Debug_static|x64.ActiveCfg = Debug_static|ARM64
		{9629BBDD-4C74-4694-B980-E142649C1C2A}.Debug_static|x86.ActiveCfg = Debug_static|ARM64
		{9629BBDD-4C74-4694-B980-E142649C1C2A}.Release_shared|ARM.ActiveCfg = Release_shared|ARM64
		{9629BBDD-4C74-4694-B980-E142649C1C2A}.Release_shared|ARM64.ActiveCfg = Release_shared|ARM64
		{9629BBDD-4C74-4694-B980-E142649C1C2A}.Release_shared|ARM64.Build.0 = Release_shared|ARM64
		{9629BBDD-4C74-4694-B980-E142649C1C2A}.Release_shared|x64.ActiveCfg = Release_shared|ARM64
		{9629BBDD-4C74-4694-B980-E142649C1C2A}.Release_shared|x86.ActiveCfg = Release_shared|ARM64
		{9629BBDD-4C74-4694-B980-E142649C1C2A}.Release_static|ARM.ActiveCfg = Release_static|ARM64
		{9629BBDD-4C74-4694-B980-E142649C1C2A}.Release_static|ARM64.ActiveCfg = Release_static|ARM64
		{9629BBDD-4C74-4694-B980-E142649C1C2A}.Release_static|ARM64.Build.0 = Release_static|ARM64
		{9629BBDD-4C74-4694-B980-E142649C1C2A}.Release_static|x64.ActiveCfg = Release_static|ARM64
		{9629BBDD-4C74-4694-B980-E142649C1C2A}.Release_static|x86.ActiveCfg = Release_static|ARM64
		{7D1D2793-D4C2-4811-AB50-8407AD02E5E9}.Debug_shared|ARM.ActiveCfg = Debug_shared|ARM
		{7D1D2793-D4C2-4811-AB50-8407AD02E5E9}.Debug_shared|ARM.Build.0 = Debug_shared|ARM
		{7D1D2793-D4C2-4811-AB50-8407AD02E5E9}.Debug_shared|ARM64.ActiveCfg = Debug_shared|ARM
		{7D1D2793-D4C2-4811-AB50-8407AD02E5E9}.Debug_shared|x64.ActiveCfg = Debug_shared|ARM
		{7D1D2793-D4C2-4811-AB50-8407AD02E5E9}.Debug_shared|x86.ActiveCfg = Debug_shared|ARM
		{7D1D2793-D4C2-4811-AB50-8407AD02E5E9}.Debug_static|ARM.ActiveCfg = Debug_static|ARM
		{7D1D2793-D4C2-4811-AB50-8407AD02E5E9}.Debug_static|ARM.Build.0 = Debug_static|ARM
		{7D1D2793-D4C2-4811-AB50-8407AD02E5E9}.Debug_static|ARM64.ActiveCfg = Debug_static|ARM
		{7D1D2793-D4C2-4811-AB50-8407AD02E5E9}.Debug_static|x64.ActiveCfg = Debug_static|ARM
		{7D1D2793-D4C2-4811-AB50-8407AD02E5E9}.Debug_static|x86.ActiveCfg = Debug_static|ARM
		{7D1D2793-D4C2-4811-AB50-8407AD02E5E9}.Release_shared|ARM.ActiveCfg = Release_shared|ARM
		{7D1D2793-D4C2-4811-AB50-8407AD02E5E9}.Release_shared|ARM.Build.0 = Release_shared|ARM
		{7D1D2793-D4C2-4811-AB50-8407AD02E5E9}.Release_shared|ARM64.ActiveCfg = Release_shared|ARM
		{7D1D2793-D4C2-4811-AB50-8407AD02E5E9}.Release_shared|x64.ActiveCfg = Release_shared|ARM
		{7D1D2793-D4C2-4811-AB50-8407AD02E5E9}.Release_shared|x86.ActiveCfg = Release_shared|ARM
		{7D1D2793-D4C2-4811-AB50-8407AD02E5E9}.Release_static|ARM.ActiveCfg = Release_static|ARM
		{7D1D2793-D4C2-4811-AB50-8407AD02E5E9}.Release_static|ARM.Build.0 = Release_static|ARM
		{7D1D2793-D4C2-4811-AB50-8407AD02E5E9}.Release_static|ARM64.ActiveCfg = Release_static|ARM
		{7D1D2793-D4C2-4811-AB50-8407AD02E5E9}.Release_static|x64.ActiveCfg = Release_static|ARM
		{7D1D2793-D4C2-4811-AB50-8407AD02E5E9}.Release_static|x86.ActiveCfg = Release_static|ARM
		{1475A78A-1F1C-4A18-A4F9-668230D3007A}.Debug_shared|ARM.ActiveCfg = Debug_shared|x64
		{1475A78A-1F1C-4A18-A4F9-668230D3007A}.Debug_shared|ARM64.ActiveCfg = Debug_shared|x64
		{1475A78A-1F1C-4A18-A4F9-668230D3007A}.Debug_shared|x64.ActiveCfg = Debug_shared|x64
		{1475A78A-1F1C-4A18-A4F9-668230D3007A}.Debug_shared|x64.Build.0 = Debug_shared|x64
		{1475A78A-1F1C-4A18-A4F9-668230D3007A}.Debug_shared|x86.ActiveCfg = Debug_shared|x64
		{1475A78A-1F1C-4A18-A4F9-668230D3007A}.Debug_static|ARM.ActiveCfg = Debug_static|x64
		{1475A78A-1F1C-4A18-A4F9-668230D3007A}.Debug_static|ARM64.ActiveCfg = Debug_static|x64
		{1475A78A-1F1C-4A18-A4F9-668230D3007A}.Debug_static|x64.ActiveCfg = Debug_static|x64
		{1475A78A-1F1C-4A18-A4F9-668230D3007A}.Debug_static|x64.Build.0 = Debug_static|x64
		{1475A78A-1F1C-4A18-A4F9-668230D3007A}.Debug_static|x86.ActiveCfg = Debug_static|x64
		{1475A78A-1F1C-4A18-A4F9-668230D3007A}.Release_shared|ARM.ActiveCfg = Release_shared|x64
		{1475A78A-1F1C-4A18-A4F9-668230D3007A}.Release_shared|ARM64.ActiveCfg = Release_shared|x64
		{1475A78A-1F1C-4A18-A4F9-668230D3007A}.Release_shared|x64.ActiveCfg = Release_shared|x64
		{1475A78A-1F1C-4A18-A4F9-668230D3007A}.Release_shared|x64.Build.0 = Release_shared|x64
		{1475A78A-1F1C-4A18-A4F9-668230D3007A}.Release_shared|x86.ActiveCfg = Release_shared|x64
		{1475A78A-1F1C-4A18-A4F9-668230D3007A}.Release_static|ARM.ActiveCfg = Release_static|x64
		{1475A78A-1F1C-4A18-A4F9-668230D3007A}.Release_static|ARM64.ActiveCfg = Release_static|x64
		{1475A78A-1F1C-4A18-A4F9-668230D3007A}.Release_static|x64.ActiveCfg = Release_static|x64
		{1475A78A-1F1C-4A18-A4F9-668230D3007A}.Release_static|x64.Build.0 = Release_static|x64
		{1475A78A-1F1C-4A18-A4F9-668230D3007A}.Release_static|x86.ActiveCfg = Release_static|x64
		{83C8107B-0FD1-4D7F-9536-142EC6A36D99}.Debug_shared|ARM.ActiveCfg = Debug_shared|x86
		{83C8107B-0FD1-4D7F-9536-142EC6A36D99}.Debug_shared|ARM64.ActiveCfg = Debug_shared|x86
		{83C8107B-0FD1-4D7F-9536-142EC6A36D99}.Debug_shared|x64.ActiveCfg = Debug_shared|x86
		{83C8107B-0FD1-4D7F-9536-142EC6A36D99}.Debug_shared|x86.ActiveCfg = Debug_shared|x86
		{83C8107B-0FD1-4D7F-9536-142EC6A36D99}.Debug_shared|x86.Build.0 = Debug_shared|x86
		{83C8107B-0FD1-4D7F-9536-142EC6A36D99}.Debug_static|ARM.ActiveCfg = Debug_static|x86
		{83C8107B-0FD1-4D7F-9536-142EC6A36D99}.Debug_static|ARM64.ActiveCfg = Debug_static|x86
		{83C8107B-0FD1-4D7F-9536-142EC6A36D99}.Debug_static|x64.ActiveCfg = Debug_static|x86
		{83C8107B-0FD1-4D7F-9536-142EC6A36D99}.Debug_static|x86.ActiveCfg = Debug_static|x86
		{83C8107B-0FD1-4D7F-9536-142EC6A36D99}.Debug_static|x86.Build.0 = Debug_static|x86
		{83C8107B-0FD1-4D7F-9536-142EC6A36D99}.Release_shared|ARM.ActiveCfg = Release_shared|x86
		{83C8107B-0FD1-4D7F-9536-142EC6A36D99}.Release_shared|ARM64.ActiveCfg = Release_shared|x86
		{83C8107B-0FD1-4D7F-9536-142EC6A36D99}.Release_shared|x64.ActiveCfg = Release_shared|x86
		{83C8107B-0FD1-4D7F-9536-142EC6A36D99}.Release_shared|x86.ActiveCfg = Release_shared|x86
		{83C8107B-0FD1-4D7F-9536-142EC6A36D99}.Release_shared|x86.Build.0 = Release_shared|x86
		{83C8107B-0FD1-4D7F-9536-142EC6A36D99}.Release_static|ARM.ActiveCfg = Release_static|x86
		{83C8107B-0FD1-4D7F-9536-142EC6A36D99}.Release_static|ARM64.ActiveCfg = Release_static|x86
		{83C8107B-0FD1-4D7F-9536-142EC6A36D99}.Release_static|x64.ActiveCfg = Release_static|x86
		{83C8107B-0FD1-4D7F-9536-142EC6A36D99}.Release_static|x86.ActiveCfg = Release_static|x86
		{83C8107B-0FD1-4D7F-9536-142EC6A36D99}.Release_static|x86.Build.0 = Release_static|x86
	EndGlobalSection
	GlobalSection(SolutionProperties) = preSolution
		HideSolutionNode = FALSE
	EndGlobalSection
EndGlobal
