<?xml version="1.0" encoding="utf-8"?>
<Project ToolsVersion="4.0" xmlns="http://schemas.microsoft.com/developer/msbuild/2003">
  <ItemGroup>
    <ClCompile Include="openssl\crypto\aes\aes_cbc.c" />
    <ClCompile Include="openssl\crypto\aes\aes_core.c" />
    <ClCompile Include="openssl\crypto\armcap.c" />
    <ClCompile Include="openssl\crypto\bf\bf_enc.c" />
    <ClCompile Include="openssl\crypto\bn\bn_asm.c" />
    <ClCompile Include="openssl\crypto\camellia\camellia.c" />
    <ClCompile Include="openssl\crypto\camellia\cmll_cbc.c" />
    <ClCompile Include="openssl\crypto\camellia\cmll_misc.c" />
    <ClCompile Include="openssl\crypto\cast\c_enc.c" />
    <ClCompile Include="openssl\crypto\chacha\chacha_enc.c" />
    <ClCompile Include="openssl\crypto\des\des_enc.c" />
    <ClCompile Include="openssl\crypto\des\fcrypt_b.c" />
    <ClCompile Include="openssl\crypto\rc4\rc4_enc.c" />
    <ClCompile Include="openssl\crypto\rc4\rc4_skey.c" />
    <ClCompile Include="$(IntermediateOutputPath)openssl\crypto\aes\asm\aesv8-armx.s" />
    <ClCompile Include="$(IntermediateOutputPath)openssl\crypto\armv4cpuid.s" />
    <ClCompile Include="$(IntermediateOutputPath)openssl\crypto\modes\asm\ghash-armv4.s" />
  </ItemGroup>
  <ItemGroup>
    <CustomBuild Include="openssl\crypto\aes\asm\aesv8-armx.pl" />
    <CustomBuild Include="openssl\crypto\armv4cpuid.pl" />
    <CustomBuild Include="openssl\crypto\modes\asm\ghash-armv4.pl" />
  </ItemGroup>
</Project>